hash: 27eee8afa9a30e2c6de8c1f901b1eb2e13150b2d9b83fc738cc2ffb8c32e7720
updated: 2018-07-28T01:46:54.560261+08:00
imports:
- name: github.com/emirpasic/gods
  version: bba54c718c4e39e4db35f73e0c660df44a4de4cd
  subpackages:
  - containers
  - lists
  - lists/singlylinkedlist
  - stacks
  - stacks/linkedliststack
  - utils
- name: github.com/gogo/protobuf
  version: 636bf0302bc95575d69441b25a2603156ffdddf1
  subpackages:
  - gogoproto
  - proto
  - protoc-gen-gogo/descriptor
- name: github.com/golang/snappy
  version: 2e65f85255dbc3072edf28d6b5b8efc472979f5a
- name: github.com/gorilla/websocket
  version: ea4d1f681babbce9545c9c5f3d5194a789c89f5b
- name: github.com/gosuri/uilive
  version: ac356e6e42cd31fcef8e6aec13ae9ed6fe87713e
- name: github.com/gosuri/uiprogress
  version: d0567a9d84a1c40dd7568115ea66f4887bf57b33
  subpackages:
  - util/strutil
- name: github.com/hashicorp/golang-lru
  version: 0fb14efe8c47ae851c0034ed7a448854d3d34cf3
  subpackages:
  - simplelru
- name: github.com/howeyc/gopass
  version: bf9dde6d0d2c004a008c27aaee91170c786f6db8
- name: github.com/itchyny/base58-go
  version: 4b24a7dfa1bfba3724ffb3598b1c6ded1cff087f
- name: github.com/mattn/go-isatty
  version: 6ca4dbf54d38eea1a992b3c722a76a5d1c4cb25c
- name: github.com/ontio/ontology-crypto
  version: b7891a468be08393875e2e089776614d56ad0173
  subpackages:
  - ec
  - keypair
  - signature
  - sm2
  - sm3
  - vrf
- name: github.com/ontio/ontology-eventbus
  version: e0541083fef8f5377eb9ad3141da762d529ce37a
  subpackages:
  - actor
  - eventhub
  - eventstream
  - internal/queue/goring
  - internal/queue/mpsc
  - log
  - mailbox
- name: github.com/orcaman/concurrent-map
  version: b28018939af9022337862b94a463abb18abb3e0e
- name: github.com/pborman/uuid
  version: e790cca94e6cc75c7064b1332e63811d4aae1a53
- name: github.com/syndtr/goleveldb
  version: c4c61651e9e37fa117f53c5a906d3b63090d8445
  subpackages:
  - leveldb
  - leveldb/cache
  - leveldb/comparer
  - leveldb/errors
  - leveldb/filter
  - leveldb/iterator
  - leveldb/journal
  - leveldb/memdb
  - leveldb/opt
  - leveldb/storage
  - leveldb/table
  - leveldb/util
- name: github.com/urfave/cli
  version: cfb38830724cc34fedffe9a2a29fb54fa9169cd1
- name: github.com/valyala/bytebufferpool
  version: e746df99fe4a3986f4d4f79e13c1e0117ce9c2f7
- name: github.com/Workiva/go-datastructures
  version: f338bf48899950e415caffa02222a7273fbdeaf6
  subpackages:
  - queue
- name: golang.org/x/crypto
  version: c126467f60eb25f8f27e5a981f32a87e3965053f
  repo: https://github.com/golang/crypto.git
  subpackages:
  - ed25519
  - ed25519/internal/edwards25519
  - pbkdf2
  - ripemd160
  - scrypt
  - sha3
  - ssh/terminal
- name: golang.org/x/sys
  version: e072cadbbdc8dd3d3ffa82b8b4b9304c261d9311
  repo: https://github.com/golang/sys.git
  subpackages:
  - unix
  - windows
- name: golang.org/x/text
  version: 0605a8320aceb4207a5fb3521281e17ec2075476
  repo: https://github.com/golang/text.git
testImports:
- name: github.com/davecgh/go-spew
  version: 8991bc29aa16c548c550c7ff78260e27b9ab7c73
  subpackages:
  - spew
- name: github.com/magiconair/properties
  version: c2353362d570a7bfa228149c62842019201cfb71
  subpackages:
  - assert
- name: github.com/pmezard/go-difflib
  version: 792786c7400a136282c1664665ae0a8db921c6c2
  subpackages:
  - difflib
- name: github.com/stretchr/testify
  version: f35b8ab0b5a2cef36673838d662e249dd9c94686
  subpackages:
  - assert
  - mock
